
Microsoft Visual Studio Solution File, Format Version 12.00
# Visual Studio 15
VisualStudioVersion = 15.0.28307.779
MinimumVisualStudioVersion = 10.0.40219.1
Project("{FAE04EC0-301F-11D3-BF4B-00C04F79EFBC}") = "TestApplication (v2)", "TestApplication (v2)\TestApplication (v2).csproj", "{AB9B345B-CFA1-4F59-823F-76F1C7C26116}"
EndProject
Global
	GlobalSection(SolutionConfigurationPlatforms) = preSolution
		Debug|Any CPU = Debug|Any CPU
		Release|Any CPU = Release|Any CPU
	EndGlobalSection
	GlobalSection(ProjectConfigurationPlatforms) = postSolution
		{AB9B345B-CFA1-4F59-823F-76F1C7C26116}.Debug|Any CPU.ActiveCfg = Debug|Any CPU
		{AB9B345B-CFA1-4F59-823F-76F1C7C26116}.Debug|Any CPU.Build.0 = Debug|Any CPU
		{AB9B345B-CFA1-4F59-823F-76F1C7C26116}.Release|Any CPU.ActiveCfg = Release|Any CPU
		{AB9B345B-CFA1-4F59-823F-76F1C7C26116}.Release|Any CPU.Build.0 = Release|Any CPU
	EndGlobalSection
	GlobalSection(SolutionProperties) = preSolution
		HideSolutionNode = FALSE
	EndGlobalSection
	GlobalSection(ExtensibilityGlobals) = postSolution
		SolutionGuid = {D111BB99-79BF-4EE2-9E9C-892F599ADDFE}
	EndGlobalSection
EndGlobal
